
Microsoft Visual Studio Solution File, Format Version 12.00
# Visual Studio 14
VisualStudioVersion = 14.0.22310.1
MinimumVisualStudioVersion = 10.0.40219.1
Project("{FAE04EC0-301F-11D3-BF4B-00C04F79EFBC}") = "DocumentDBDemo", "DocumentDBDemo\DocumentDBDemo.csproj", "{E0A62852-3627-4FF9-A4B5-66A09FA2793F}"
EndProject
Project("{FAE04EC0-301F-11D3-BF4B-00C04F79EFBC}") = "UnitTests", "DocumentDBTest\UnitTests.csproj", "{3BDE7292-A9FB-4B3B-B164-C9B122D429AB}"
EndProject
Project("{FAE04EC0-301F-11D3-BF4B-00C04F79EFBC}") = "SQLAzureDemo", "SQLAzureDemo\SQLAzureDemo.csproj", "{5A76A5D9-C1E1-4AF5-9A36-780193BB86C4}"
EndProject
Global
	GlobalSection(SolutionConfigurationPlatforms) = preSolution
		Debug|Any CPU = Debug|Any CPU
		Release|Any CPU = Release|Any CPU
	EndGlobalSection
	GlobalSection(ProjectConfigurationPlatforms) = postSolution
		{E0A62852-3627-4FF9-A4B5-66A09FA2793F}.Debug|Any CPU.ActiveCfg = Debug|Any CPU
		{E0A62852-3627-4FF9-A4B5-66A09FA2793F}.Debug|Any CPU.Build.0 = Debug|Any CPU
		{E0A62852-3627-4FF9-A4B5-66A09FA2793F}.Release|Any CPU.ActiveCfg = Release|Any CPU
		{E0A62852-3627-4FF9-A4B5-66A09FA2793F}.Release|Any CPU.Build.0 = Release|Any CPU
		{3BDE7292-A9FB-4B3B-B164-C9B122D429AB}.Debug|Any CPU.ActiveCfg = Debug|Any CPU
		{3BDE7292-A9FB-4B3B-B164-C9B122D429AB}.Debug|Any CPU.Build.0 = Debug|Any CPU
		{3BDE7292-A9FB-4B3B-B164-C9B122D429AB}.Release|Any CPU.ActiveCfg = Release|Any CPU
		{3BDE7292-A9FB-4B3B-B164-C9B122D429AB}.Release|Any CPU.Build.0 = Release|Any CPU
		{5A76A5D9-C1E1-4AF5-9A36-780193BB86C4}.Debug|Any CPU.ActiveCfg = Debug|Any CPU
		{5A76A5D9-C1E1-4AF5-9A36-780193BB86C4}.Debug|Any CPU.Build.0 = Debug|Any CPU
		{5A76A5D9-C1E1-4AF5-9A36-780193BB86C4}.Release|Any CPU.ActiveCfg = Release|Any CPU
		{5A76A5D9-C1E1-4AF5-9A36-780193BB86C4}.Release|Any CPU.Build.0 = Release|Any CPU
	EndGlobalSection
	GlobalSection(SolutionProperties) = preSolution
		HideSolutionNode = FALSE
	EndGlobalSection
	GlobalSection(TeamFoundationVersionControl) = preSolution
		SccNumberOfProjects = 2
		SccEnterpriseProvider = {4CA58AB2-18FA-4F8D-95D4-32DDF27D184C}
		SccTeamFoundationServer = https://aramkoukia.visualstudio.com/defaultcollection
		SccProjectUniqueName0 = DocumentDBDemo\\DocumentDBDemo.csproj
		SccProjectName0 = DocumentDBDemo
		SccAuxPath0 = https://aramkoukia.visualstudio.com/defaultcollection
		SccLocalPath0 = DocumentDBDemo
		SccProvider0 = {4CA58AB2-18FA-4F8D-95D4-32DDF27D184C}
		SccProjectUniqueName1 = DocumentDBTest\\UnitTests.csproj
		SccProjectName1 = DocumentDBTest
		SccAuxPath1 = https://aramkoukia.visualstudio.com/defaultcollection
		SccLocalPath1 = DocumentDBTest
		SccProvider1 = {4CA58AB2-18FA-4F8D-95D4-32DDF27D184C}
	EndGlobalSection
EndGlobal
